<?xml version="1.0" encoding="utf-8"?>
<Project ToolsVersion="4.0" xmlns="http://schemas.microsoft.com/developer/msbuild/2003">
  <ItemGroup>
    <Filter Include="Source Files">
      <UniqueIdentifier>{4FC737F1-C7A5-4376-A066-2A32D752A2FF}</UniqueIdentifier>
      <Extensions>cpp;c;cc;cxx;c++;cppm;ixx;def;odl;idl;hpj;bat;asm;asmx</Extensions>
    </Filter>
    <Filter Include="Header Files">
      <UniqueIdentifier>{93995380-89BD-4b04-88EB-625FBE52EBFB}</UniqueIdentifier>
      <Extensions>h;hh;hpp;hxx;h++;hm;inl;inc;ipp;xsd</Extensions>
    </Filter>
    <Filter Include="Resource Files">
      <UniqueIdentifier>{67DA6AB6-F800-4c08-8B7A-83BB121AAD01}</UniqueIdentifier>
      <Extensions>rc;ico;cur;bmp;dlg;rc2;rct;bin;rgs;gif;jpg;jpeg;jpe;resx;tiff;tif;png;wav;mfcribbon-ms</Extensions>
    </Filter>
    <Filter Include="Source Files\Rectangles">
      <UniqueIdentifier>{1169d70a-4982-4d17-a632-6c9bce9a374d}</UniqueIdentifier>
    </Filter>
    <Filter Include="Source Files\References">
      <UniqueIdentifier>{946e3a4a-7610-41a8-8316-e981cf7abbf1}</UniqueIdentifier>
    </Filter>
    <Filter Include="Source Files\Zeichenketten">
      <UniqueIdentifier>{63edaf4a-fa62-4560-9cab-65ee7a028fd6}</UniqueIdentifier>
    </Filter>
    <Filter Include="Source Files\DynamicArray">
      <UniqueIdentifier>{3e743012-7e0b-42e7-b219-66f5f6249829}</UniqueIdentifier>
    </Filter>
    <Filter Include="Source Files\MoreBankAccounts">
      <UniqueIdentifier>{62ffe154-faa2-42c9-b9e5-bf97b1565513}</UniqueIdentifier>
    </Filter>
  </ItemGroup>
  <ItemGroup>
    <ClCompile Include="Program.cpp">
      <Filter>Source Files</Filter>
    </ClCompile>
    <ClCompile Include="Time.cpp">
      <Filter>Source Files</Filter>
    </ClCompile>
    <ClCompile Include="..\Rectangle\Point.cpp">
      <Filter>Source Files\Rectangles</Filter>
    </ClCompile>
    <ClCompile Include="..\Rectangle\Rectangle.cpp">
      <Filter>Source Files\Rectangles</Filter>
    </ClCompile>
    <ClCompile Include="..\Rectangle\Rectangle_Main.cpp">
      <Filter>Source Files\Rectangles</Filter>
    </ClCompile>
    <ClCompile Include="Pointer_and_References.cpp">
      <Filter>Source Files</Filter>
    </ClCompile>
    <ClCompile Include="..\References_Pointers\References_Pointers_Main.cpp">
      <Filter>Source Files\References</Filter>
    </ClCompile>
    <ClCompile Include="Zeichen.cpp">
      <Filter>Source Files</Filter>
    </ClCompile>
    <ClCompile Include="..\Zeichenketten\Strings_Main.cpp">
      <Filter>Source Files\Zeichenketten</Filter>
    </ClCompile>
    <ClCompile Include="DynamicMemory.cpp">
      <Filter>Source Files</Filter>
    </ClCompile>
    <ClCompile Include="..\DynamicArray\DynamicArray.cpp">
      <Filter>Source Files\DynamicArray</Filter>
    </ClCompile>
    <ClCompile Include="..\DynamicArray\DynamicArray_Main.cpp">
      <Filter>Source Files\DynamicArray</Filter>
    </ClCompile>
    <ClCompile Include="..\MoreBankAccounts\MoreBankAccounts_Main.cpp">
      <Filter>Source Files\MoreBankAccounts</Filter>
    </ClCompile>
  </ItemGroup>
  <ItemGroup>
    <ClInclude Include="Time.h">
      <Filter>Header Files</Filter>
    </ClInclude>
    <ClInclude Include="..\Rectangle\Point.h">
      <Filter>Source Files\Rectangles</Filter>
    </ClInclude>
    <ClInclude Include="..\Rectangle\Rectangle.h">
      <Filter>Source Files\Rectangles</Filter>
    </ClInclude>
    <ClInclude Include="Globals.h">
      <Filter>Header Files</Filter>
    </ClInclude>
    <ClInclude Include="..\DynamicArray\DynamicArray.h">
      <Filter>Source Files\DynamicArray</Filter>
    </ClInclude>
    <ClInclude Include="..\MoreBankAccounts\MoreBankAccounts.h">
      <Filter>Source Files\MoreBankAccounts</Filter>
    </ClInclude>
  </ItemGroup>
</Project>